// !$*UTF8*$!
{
	archiveVersion = 1;
	classes = {
	};
	objectVersion = 50;
	objects = {

/* Begin PBXBuildFile section */
		2308248621FF4B02007E2FC1 /* UICollectionView+Utils.swift in Sources */ = {isa = PBXBuildFile; fileRef = 2308248321FF4B02007E2FC1 /* UICollectionView+Utils.swift */; };
		2312D11321FB6B34000DAAE6 /* AppDelegate.swift in Sources */ = {isa = PBXBuildFile; fileRef = 2312D11221FB6B34000DAAE6 /* AppDelegate.swift */; };
		2312D11521FB6B34000DAAE6 /* ViewController.swift in Sources */ = {isa = PBXBuildFile; fileRef = 2312D11421FB6B34000DAAE6 /* ViewController.swift */; };
		2312D11A21FB6B36000DAAE6 /* Assets.xcassets in Resources */ = {isa = PBXBuildFile; fileRef = 2312D11921FB6B36000DAAE6 /* Assets.xcassets */; };
		2312D11D21FB6B36000DAAE6 /* LaunchScreen.storyboard in Resources */ = {isa = PBXBuildFile; fileRef = 2312D11B21FB6B36000DAAE6 /* LaunchScreen.storyboard */; };
		2312D12521FB6B45000DAAE6 /* KeyboardTracker.swift in Sources */ = {isa = PBXBuildFile; fileRef = 2312D12421FB6B45000DAAE6 /* KeyboardTracker.swift */; };
/* End PBXBuildFile section */

/* Begin PBXFileReference section */
		2308248321FF4B02007E2FC1 /* UICollectionView+Utils.swift */ = {isa = PBXFileReference; fileEncoding = 4; lastKnownFileType = sourcecode.swift; path = "UICollectionView+Utils.swift"; sourceTree = "<group>"; };
		2312D10F21FB6B34000DAAE6 /* KeyboardTracker.app */ = {isa = PBXFileReference; explicitFileType = wrapper.application; includeInIndex = 0; path = KeyboardTracker.app; sourceTree = BUILT_PRODUCTS_DIR; };
		2312D11221FB6B34000DAAE6 /* AppDelegate.swift */ = {isa = PBXFileReference; lastKnownFileType = sourcecode.swift; path = AppDelegate.swift; sourceTree = "<group>"; };
		2312D11421FB6B34000DAAE6 /* ViewController.swift */ = {isa = PBXFileReference; lastKnownFileType = sourcecode.swift; path = ViewController.swift; sourceTree = "<group>"; };
		2312D11921FB6B36000DAAE6 /* Assets.xcassets */ = {isa = PBXFileReference; lastKnownFileType = folder.assetcatalog; path = Assets.xcassets; sourceTree = "<group>"; };
		2312D11C21FB6B36000DAAE6 /* Base */ = {isa = PBXFileReference; lastKnownFileType = file.storyboard; name = Base; path = Base.lproj/LaunchScreen.storyboard; sourceTree = "<group>"; };
		2312D11E21FB6B36000DAAE6 /* Info.plist */ = {isa = PBXFileReference; lastKnownFileType = text.plist.xml; path = Info.plist; sourceTree = "<group>"; };
		2312D12421FB6B45000DAAE6 /* KeyboardTracker.swift */ = {isa = PBXFileReference; lastKnownFileType = sourcecode.swift; path = KeyboardTracker.swift; sourceTree = "<group>"; };
/* End PBXFileReference section */

/* Begin PBXFrameworksBuildPhase section */
		2312D10C21FB6B34000DAAE6 /* Frameworks */ = {
			isa = PBXFrameworksBuildPhase;
			buildActionMask = 2147483647;
			files = (
			);
			runOnlyForDeploymentPostprocessing = 0;
		};
/* End PBXFrameworksBuildPhase section */

/* Begin PBXGroup section */
		2312D10621FB6B34000DAAE6 = {
			isa = PBXGroup;
			children = (
				2312D11121FB6B34000DAAE6 /* KeyboardTracker */,
				2312D11021FB6B34000DAAE6 /* Products */,
			);
			sourceTree = "<group>";
		};
		2312D11021FB6B34000DAAE6 /* Products */ = {
			isa = PBXGroup;
			children = (
				2312D10F21FB6B34000DAAE6 /* KeyboardTracker.app */,
			);
			name = Products;
			sourceTree = "<group>";
		};
		2312D11121FB6B34000DAAE6 /* KeyboardTracker */ = {
			isa = PBXGroup;
			children = (
				2308248321FF4B02007E2FC1 /* UICollectionView+Utils.swift */,
				2312D11221FB6B34000DAAE6 /* AppDelegate.swift */,
				2312D11421FB6B34000DAAE6 /* ViewController.swift */,
				2312D11921FB6B36000DAAE6 /* Assets.xcassets */,
				2312D11B21FB6B36000DAAE6 /* LaunchScreen.storyboard */,
				2312D11E21FB6B36000DAAE6 /* Info.plist */,
				2312D12421FB6B45000DAAE6 /* KeyboardTracker.swift */,
			);
			path = KeyboardTracker;
			sourceTree = "<group>";
		};
/* End PBXGroup section */

/* Begin PBXNativeTarget section */
		2312D10E21FB6B34000DAAE6 /* KeyboardTracker */ = {
			isa = PBXNativeTarget;
			buildConfigurationList = 2312D12121FB6B36000DAAE6 /* Build configuration list for PBXNativeTarget "KeyboardTracker" */;
			buildPhases = (
				2312D10B21FB6B34000DAAE6 /* Sources */,
				2312D10C21FB6B34000DAAE6 /* Frameworks */,
				2312D10D21FB6B34000DAAE6 /* Resources */,
			);
			buildRules = (
			);
			dependencies = (
			);
			name = KeyboardTracker;
			productName = KeyboardTracker;
			productReference = 2312D10F21FB6B34000DAAE6 /* KeyboardTracker.app */;
			productType = "com.apple.product-type.application";
		};
/* End PBXNativeTarget section */

/* Begin PBXProject section */
		2312D10721FB6B34000DAAE6 /* Project object */ = {
			isa = PBXProject;
			attributes = {
				LastSwiftUpdateCheck = 1010;
				LastUpgradeCheck = 1010;
				ORGANIZATIONNAME = "Alessandro Marzoli";
				TargetAttributes = {
					2312D10E21FB6B34000DAAE6 = {
						CreatedOnToolsVersion = 10.1;
						LastSwiftMigration = 1020;
					};
				};
			};
			buildConfigurationList = 2312D10A21FB6B34000DAAE6 /* Build configuration list for PBXProject "KeyboardTracker" */;
			compatibilityVersion = "Xcode 9.3";
			developmentRegion = en;
			hasScannedForEncodings = 0;
			knownRegions = (
				en,
				Base,
			);
			mainGroup = 2312D10621FB6B34000DAAE6;
			productRefGroup = 2312D11021FB6B34000DAAE6 /* Products */;
			projectDirPath = "";
			projectRoot = "";
			targets = (
				2312D10E21FB6B34000DAAE6 /* KeyboardTracker */,
			);
		};
/* End PBXProject section */

/* Begin PBXResourcesBuildPhase section */
		2312D10D21FB6B34000DAAE6 /* Resources */ = {
			isa = PBXResourcesBuildPhase;
			buildActionMask = 2147483647;
			files = (
				2312D11D21FB6B36000DAAE6 /* LaunchScreen.storyboard in Resources */,
				2312D11A21FB6B36000DAAE6 /* Assets.xcassets in Resources */,
			);
			runOnlyForDeploymentPostprocessing = 0;
		};
/* End PBXResourcesBuildPhase section */

/* Begin PBXSourcesBuildPhase section */
		2312D10B21FB6B34000DAAE6 /* Sources */ = {
			isa = PBXSourcesBuildPhase;
			buildActionMask = 2147483647;
			files = (
				2308248621FF4B02007E2FC1 /* UICollectionView+Utils.swift in Sources */,
				2312D11521FB6B34000DAAE6 /* ViewController.swift in Sources */,
				2312D12521FB6B45000DAAE6 /* KeyboardTracker.swift in Sources */,
				2312D11321FB6B34000DAAE6 /* AppDelegate.swift in Sources */,
			);
			runOnlyForDeploymentPostprocessing = 0;
		};
/* End PBXSourcesBuildPhase section */

/* Begin PBXVariantGroup section */
		2312D11B21FB6B36000DAAE6 /* LaunchScreen.storyboard */ = {
			isa = PBXVariantGroup;
			children = (
				2312D11C21FB6B36000DAAE6 /* Base */,
			);
			name = LaunchScreen.storyboard;
			sourceTree = "<group>";
		};
/* End PBXVariantGroup section */

/* Begin XCBuildConfiguration section */
		2312D11F21FB6B36000DAAE6 /* Debug */ = {
			isa = XCBuildConfiguration;
			buildSettings = {
				ALWAYS_SEARCH_USER_PATHS = NO;
				CLANG_ANALYZER_NONNULL = YES;
				CLANG_ANALYZER_NUMBER_OBJECT_CONVERSION = YES_AGGRESSIVE;
				CLANG_CXX_LANGUAGE_STANDARD = "gnu++14";
				CLANG_CXX_LIBRARY = "libc++";
				CLANG_ENABLE_MODULES = YES;
				CLANG_ENABLE_OBJC_ARC = YES;
				CLANG_ENABLE_OBJC_WEAK = YES;
				CLANG_WARN_BLOCK_CAPTURE_AUTORELEASING = YES;
				CLANG_WARN_BOOL_CONVERSION = YES;
				CLANG_WARN_COMMA = YES;
				CLANG_WARN_CONSTANT_CONVERSION = YES;
				CLANG_WARN_DEPRECATED_OBJC_IMPLEMENTATIONS = YES;
				CLANG_WARN_DIRECT_OBJC_ISA_USAGE = YES_ERROR;
				CLANG_WARN_DOCUMENTATION_COMMENTS = YES;
				CLANG_WARN_EMPTY_BODY = YES;
				CLANG_WARN_ENUM_CONVERSION = YES;
				CLANG_WARN_INFINITE_RECURSION = YES;
				CLANG_WARN_INT_CONVERSION = YES;
				CLANG_WARN_NON_LITERAL_NULL_CONVERSION = YES;
				CLANG_WARN_OBJC_IMPLICIT_RETAIN_SELF = YES;
				CLANG_WARN_OBJC_LITERAL_CONVERSION = YES;
				CLANG_WARN_OBJC_ROOT_CLASS = YES_ERROR;
				CLANG_WARN_RANGE_LOOP_ANALYSIS = YES;
				CLANG_WARN_STRICT_PROTOTYPES = YES;
				CLANG_WARN_SUSPICIOUS_MOVE = YES;
				CLANG_WARN_UNGUARDED_AVAILABILITY = YES_AGGRESSIVE;
				CLANG_WARN_UNREACHABLE_CODE = YES;
				CLANG_WARN__DUPLICATE_METHOD_MATCH = YES;
				CODE_SIGN_IDENTITY = "iPhone Developer";
				COPY_PHASE_STRIP = NO;
				DEBUG_INFORMATION_FORMAT = dwarf;
				ENABLE_STRICT_OBJC_MSGSEND = YES;
				ENABLE_TESTABILITY = YES;
				GCC_C_LANGUAGE_STANDARD = gnu11;
				GCC_DYNAMIC_NO_PIC = NO;
				GCC_NO_COMMON_BLOCKS = YES;
				GCC_OPTIMIZATION_LEVEL = 0;
				GCC_PREPROCESSOR_DEFINITIONS = (
					"DEBUG=1",
					"$(inherited)",
				);
				GCC_WARN_64_TO_32_BIT_CONVERSION = YES;
				GCC_WARN_ABOUT_RETURN_TYPE = YES_ERROR;
				GCC_WARN_UNDECLARED_SELECTOR = YES;
				GCC_WARN_UNINITIALIZED_AUTOS = YES_AGGRESSIVE;
				GCC_WARN_UNUSED_FUNCTION = YES;
				GCC_WARN_UNUSED_VARIABLE = YES;
				IPHONEOS_DEPLOYMENT_TARGET = 11.4;
				MTL_ENABLE_DEBUG_INFO = INCLUDE_SOURCE;
				MTL_FAST_MATH = YES;
				ONLY_ACTIVE_ARCH = YES;
				SDKROOT = iphoneos;
				SWIFT_ACTIVE_COMPILATION_CONDITIONS = DEBUG;
				SWIFT_OPTIMIZATION_LEVEL = "-Onone";
				SWIFT_VERSION = 4.2;
			};
			name = Debug;
		};
		2312D12021FB6B36000DAAE6 /* Release */ = {
			isa = XCBuildConfiguration;
			buildSettings = {
				ALWAYS_SEARCH_USER_PATHS = NO;
				CLANG_ANALYZER_NONNULL = YES;
				CLANG_ANALYZER_NUMBER_OBJECT_CONVERSION = YES_AGGRESSIVE;
				CLANG_CXX_LANGUAGE_STANDARD = "gnu++14";
				CLANG_CXX_LIBRARY = "libc++";
				CLANG_ENABLE_MODULES = YES;
				CLANG_ENABLE_OBJC_ARC = YES;
				CLANG_ENABLE_OBJC_WEAK = YES;
				CLANG_WARN_BLOCK_CAPTURE_AUTORELEASING = YES;
				CLANG_WARN_BOOL_CONVERSION = YES;
				CLANG_WARN_COMMA = YES;
				CLANG_WARN_CONSTANT_CONVERSION = YES;
				CLANG_WARN_DEPRECATED_OBJC_IMPLEMENTATIONS = YES;
				CLANG_WARN_DIRECT_OBJC_ISA_USAGE = YES_ERROR;
				CLANG_WARN_DOCUMENTATION_COMMENTS = YES;
				CLANG_WARN_EMPTY_BODY = YES;
				CLANG_WARN_ENUM_CONVERSION = YES;
				CLANG_WARN_INFINITE_RECURSION = YES;
				CLANG_WARN_INT_CONVERSION = YES;
				CLANG_WARN_NON_LITERAL_NULL_CONVERSION = YES;
				CLANG_WARN_OBJC_IMPLICIT_RETAIN_SELF = YES;
				CLANG_WARN_OBJC_LITERAL_CONVERSION = YES;
				CLANG_WARN_OBJC_ROOT_CLASS = YES_ERROR;
				CLANG_WARN_RANGE_LOOP_ANALYSIS = YES;
				CLANG_WARN_STRICT_PROTOTYPES = YES;
				CLANG_WARN_SUSPICIOUS_MOVE = YES;
				CLANG_WARN_UNGUARDED_AVAILABILITY = YES_AGGRESSIVE;
				CLANG_WARN_UNREACHABLE_CODE = YES;
				CLANG_WARN__DUPLICATE_METHOD_MATCH = YES;
				CODE_SIGN_IDENTITY = "iPhone Developer";
				COPY_PHASE_STRIP = NO;
				DEBUG_INFORMATION_FORMAT = "dwarf-with-dsym";
				ENABLE_NS_ASSERTIONS = NO;
				ENABLE_STRICT_OBJC_MSGSEND = YES;
				GCC_C_LANGUAGE_STANDARD = gnu11;
				GCC_NO_COMMON_BLOCKS = YES;
				GCC_WARN_64_TO_32_BIT_CONVERSION = YES;
				GCC_WARN_ABOUT_RETURN_TYPE = YES_ERROR;
				GCC_WARN_UNDECLARED_SELECTOR = YES;
				GCC_WARN_UNINITIALIZED_AUTOS = YES_AGGRESSIVE;
				GCC_WARN_UNUSED_FUNCTION = YES;
				GCC_WARN_UNUSED_VARIABLE = YES;
				IPHONEOS_DEPLOYMENT_TARGET = 11.4;
				MTL_ENABLE_DEBUG_INFO = NO;
				MTL_FAST_MATH = YES;
				SDKROOT = iphoneos;
				SWIFT_COMPILATION_MODE = wholemodule;
				SWIFT_OPTIMIZATION_LEVEL = "-O";
				SWIFT_VERSION = 4.2;
				VALIDATE_PRODUCT = YES;
			};
			name = Release;
		};
		2312D12221FB6B36000DAAE6 /* Debug */ = {
			isa = XCBuildConfiguration;
			buildSettings = {
				ASSETCATALOG_COMPILER_APPICON_NAME = AppIcon;
				CODE_SIGN_STYLE = Automatic;
				DEVELOPMENT_TEAM = TUY3F9922N;
				INFOPLIST_FILE = KeyboardTracker/Info.plist;
				IPHONEOS_DEPLOYMENT_TARGET = 11.4;
				LD_RUNPATH_SEARCH_PATHS = (
					"$(inherited)",
					"@executable_path/Frameworks",
				);
				PRODUCT_BUNDLE_IDENTIFIER = com.alessandromarzoli.KeyboardTracker;
				PRODUCT_NAME = "$(TARGET_NAME)";
				SWIFT_VERSION = 4.2;
				TARGETED_DEVICE_FAMILY = "1,2";
			};
			name = Debug;
		};
		2312D12321FB6B36000DAAE6 /* Release */ = {
			isa = XCBuildConfiguration;
			buildSettings = {
				ASSETCATALOG_COMPILER_APPICON_NAME = AppIcon;
				CODE_SIGN_STYLE = Automatic;
				DEVELOPMENT_TEAM = TUY3F9922N;
				INFOPLIST_FILE = KeyboardTracker/Info.plist;
				IPHONEOS_DEPLOYMENT_TARGET = 11.4;
				LD_RUNPATH_SEARCH_PATHS = (
					"$(inherited)",
					"@executable_path/Frameworks",
				);
				PRODUCT_BUNDLE_IDENTIFIER = com.alessandromarzoli.KeyboardTracker;
				PRODUCT_NAME = "$(TARGET_NAME)";
				SWIFT_VERSION = 4.2;
				TARGETED_DEVICE_FAMILY = "1,2";
			};
			name = Release;
		};
/* End XCBuildConfiguration section */

/* Begin XCConfigurationList section */
		2312D10A21FB6B34000DAAE6 /* Build configuration list for PBXProject "KeyboardTracker" */ = {
			isa = XCConfigurationList;
			buildConfigurations = (
				2312D11F21FB6B36000DAAE6 /* Debug */,
				2312D12021FB6B36000DAAE6 /* Release */,
			);
			defaultConfigurationIsVisible = 0;
			defaultConfigurationName = Release;
		};
		2312D12121FB6B36000DAAE6 /* Build configuration list for PBXNativeTarget "KeyboardTracker" */ = {
			isa = XCConfigurationList;
			buildConfigurations = (
				2312D12221FB6B36000DAAE6 /* Debug */,
				2312D12321FB6B36000DAAE6 /* Release */,
			);
			defaultConfigurationIsVisible = 0;
			defaultConfigurationName = Release;
		};
/* End XCConfigurationList section */
	};
	rootObject = 2312D10721FB6B34000DAAE6 /* Project object */;
}
